
Microsoft Visual Studio Solution File, Format Version 12.00
# Visual Studio Version 16
VisualStudioVersion = 25.0.1703.8
MinimumVisualStudioVersion = 10.0.40219.1
Project("{FAE04EC0-301F-11D3-BF4B-00C04F79EFBC}") = "MailTransferSystem", "MailTransferSystem\MailTransferSystem.csproj", "{B701B7E6-6E90-447B-9FED-F291001320D6}"
EndProject
Global
	GlobalSection(SolutionConfigurationPlatforms) = preSolution
		Debug|Any CPU = Debug|Any CPU
		Release|Any CPU = Release|Any CPU
	EndGlobalSection
	GlobalSection(ProjectConfigurationPlatforms) = postSolution
		{B701B7E6-6E90-447B-9FED-F291001320D6}.Debug|Any CPU.ActiveCfg = Debug|Any CPU
		{B701B7E6-6E90-447B-9FED-F291001320D6}.Debug|Any CPU.Build.0 = Debug|Any CPU
		{B701B7E6-6E90-447B-9FED-F291001320D6}.Release|Any CPU.ActiveCfg = Release|Any CPU
		{B701B7E6-6E90-447B-9FED-F291001320D6}.Release|Any CPU.Build.0 = Release|Any CPU
	EndGlobalSection
	GlobalSection(SolutionProperties) = preSolution
		HideSolutionNode = FALSE
	EndGlobalSection
	GlobalSection(ExtensibilityGlobals) = postSolution
		SolutionGuid = {332B187F-1D58-4DA7-A4AE-9420F2B6A81D}
	EndGlobalSection
EndGlobal
